
Microsoft Visual Studio Solution File, Format Version 12.00
# Visual Studio 2013
VisualStudioVersion = 12.0.21005.1
MinimumVisualStudioVersion = 10.0.40219.1
Project("{FAE04EC0-301F-11D3-BF4B-00C04F79EFBC}") = "Ip_Cam_Capture", "Ip_Cam_Capture\Ip_Cam_Capture.csproj", "{6304A36F-D28F-4855-BA72-834B4F275021}"
EndProject
Global
	GlobalSection(SolutionConfigurationPlatforms) = preSolution
		Debug|Any CPU = Debug|Any CPU
		Release|Any CPU = Release|Any CPU
	EndGlobalSection
	GlobalSection(ProjectConfigurationPlatforms) = postSolution
		{6304A36F-D28F-4855-BA72-834B4F275021}.Debug|Any CPU.ActiveCfg = Debug|Any CPU
		{6304A36F-D28F-4855-BA72-834B4F275021}.Debug|Any CPU.Build.0 = Debug|Any CPU
		{6304A36F-D28F-4855-BA72-834B4F275021}.Release|Any CPU.ActiveCfg = Release|Any CPU
		{6304A36F-D28F-4855-BA72-834B4F275021}.Release|Any CPU.Build.0 = Release|Any CPU
	EndGlobalSection
	GlobalSection(SolutionProperties) = preSolution
		HideSolutionNode = FALSE
	EndGlobalSection
EndGlobal
